
Microsoft Visual Studio Solution File, Format Version 12.00
# Visual Studio Version 17
VisualStudioVersion = 17.14.36804.6
MinimumVisualStudioVersion = 10.0.40219.1
Project("{FAE04EC0-301F-11D3-BF4B-00C04F79EFBC}") = "Biblioteca_proyecto", "Biblioteca_proyecto\Biblioteca_proyecto\Biblioteca_proyecto.csproj", "{1732FB76-A030-468F-82F3-BF942795D6E4}"
EndProject
Project("{FAE04EC0-301F-11D3-BF4B-00C04F79EFBC}") = "ControlPrestamo2", "BibliotecaControles\ControlPrestamo\ControlPrestamo2.csproj", "{DBC8E1E7-13F3-4A2E-8EBE-D0D78169D5B5}"
EndProject
Project("{FAE04EC0-301F-11D3-BF4B-00C04F79EFBC}") = "VerLibros", "BibliotecaControles\ControlLibros\VerLibros\VerLibros.csproj", "{2DCA4A5F-A733-406D-80C9-B777AB39D3E1}"
EndProject
Project("{FAE04EC0-301F-11D3-BF4B-00C04F79EFBC}") = "VerUsuario", "ControlUsuario\VerUsuario.csproj", "{08DCCA89-225E-4A6D-8FB0-0D5061B2A836}"
EndProject
Global
	GlobalSection(SolutionConfigurationPlatforms) = preSolution
		Debug|Any CPU = Debug|Any CPU
		Release|Any CPU = Release|Any CPU
	EndGlobalSection
	GlobalSection(ProjectConfigurationPlatforms) = postSolution
		{1732FB76-A030-468F-82F3-BF942795D6E4}.Debug|Any CPU.ActiveCfg = Debug|Any CPU
		{1732FB76-A030-468F-82F3-BF942795D6E4}.Debug|Any CPU.Build.0 = Debug|Any CPU
		{1732FB76-A030-468F-82F3-BF942795D6E4}.Release|Any CPU.ActiveCfg = Release|Any CPU
		{1732FB76-A030-468F-82F3-BF942795D6E4}.Release|Any CPU.Build.0 = Release|Any CPU
		{DBC8E1E7-13F3-4A2E-8EBE-D0D78169D5B5}.Debug|Any CPU.ActiveCfg = Debug|Any CPU
		{DBC8E1E7-13F3-4A2E-8EBE-D0D78169D5B5}.Debug|Any CPU.Build.0 = Debug|Any CPU
		{DBC8E1E7-13F3-4A2E-8EBE-D0D78169D5B5}.Release|Any CPU.ActiveCfg = Release|Any CPU
		{DBC8E1E7-13F3-4A2E-8EBE-D0D78169D5B5}.Release|Any CPU.Build.0 = Release|Any CPU
		{2DCA4A5F-A733-406D-80C9-B777AB39D3E1}.Debug|Any CPU.ActiveCfg = Debug|Any CPU
		{2DCA4A5F-A733-406D-80C9-B777AB39D3E1}.Debug|Any CPU.Build.0 = Debug|Any CPU
		{2DCA4A5F-A733-406D-80C9-B777AB39D3E1}.Release|Any CPU.ActiveCfg = Release|Any CPU
		{2DCA4A5F-A733-406D-80C9-B777AB39D3E1}.Release|Any CPU.Build.0 = Release|Any CPU
		{08DCCA89-225E-4A6D-8FB0-0D5061B2A836}.Debug|Any CPU.ActiveCfg = Debug|Any CPU
		{08DCCA89-225E-4A6D-8FB0-0D5061B2A836}.Debug|Any CPU.Build.0 = Debug|Any CPU
		{08DCCA89-225E-4A6D-8FB0-0D5061B2A836}.Release|Any CPU.ActiveCfg = Release|Any CPU
		{08DCCA89-225E-4A6D-8FB0-0D5061B2A836}.Release|Any CPU.Build.0 = Release|Any CPU
	EndGlobalSection
	GlobalSection(SolutionProperties) = preSolution
		HideSolutionNode = FALSE
	EndGlobalSection
	GlobalSection(ExtensibilityGlobals) = postSolution
		SolutionGuid = {1320C5FB-160F-4233-B5A4-29ED55E7ABE6}
	EndGlobalSection
EndGlobal
